
Microsoft Visual Studio Solution File, Format Version 12.00
# Visual Studio Version 16
VisualStudioVersion = 16.0.31624.102
MinimumVisualStudioVersion = 10.0.40219.1
Project("{FAE04EC0-301F-11D3-BF4B-00C04F79EFBC}") = "GUI_SMS", "GUI_SMS\GUI_SMS.csproj", "{D929DE42-898E-41CA-B57D-4B088F070935}"
EndProject
Project("{FAE04EC0-301F-11D3-BF4B-00C04F79EFBC}") = "BUS_SMS", "BUS_SMS\BUS_SMS.csproj", "{9F715C77-64C8-412A-A317-061F2252261C}"
EndProject
Project("{FAE04EC0-301F-11D3-BF4B-00C04F79EFBC}") = "DAL_SMS", "DAL_SMS\DAL_SMS.csproj", "{10F87917-573A-427C-9E14-4DA16FA2D032}"
EndProject
Project("{FAE04EC0-301F-11D3-BF4B-00C04F79EFBC}") = "Menu", "Menu\Menu.csproj", "{C5F1011A-A4FA-42D4-B3DC-B00AD61AC197}"
EndProject
Global
	GlobalSection(SolutionConfigurationPlatforms) = preSolution
		Debug|Any CPU = Debug|Any CPU
		Release|Any CPU = Release|Any CPU
	EndGlobalSection
	GlobalSection(ProjectConfigurationPlatforms) = postSolution
		{D929DE42-898E-41CA-B57D-4B088F070935}.Debug|Any CPU.ActiveCfg = Debug|Any CPU
		{D929DE42-898E-41CA-B57D-4B088F070935}.Debug|Any CPU.Build.0 = Debug|Any CPU
		{D929DE42-898E-41CA-B57D-4B088F070935}.Release|Any CPU.ActiveCfg = Release|Any CPU
		{D929DE42-898E-41CA-B57D-4B088F070935}.Release|Any CPU.Build.0 = Release|Any CPU
		{9F715C77-64C8-412A-A317-061F2252261C}.Debug|Any CPU.ActiveCfg = Debug|Any CPU
		{9F715C77-64C8-412A-A317-061F2252261C}.Debug|Any CPU.Build.0 = Debug|Any CPU
		{9F715C77-64C8-412A-A317-061F2252261C}.Release|Any CPU.ActiveCfg = Release|Any CPU
		{9F715C77-64C8-412A-A317-061F2252261C}.Release|Any CPU.Build.0 = Release|Any CPU
		{10F87917-573A-427C-9E14-4DA16FA2D032}.Debug|Any CPU.ActiveCfg = Debug|Any CPU
		{10F87917-573A-427C-9E14-4DA16FA2D032}.Debug|Any CPU.Build.0 = Debug|Any CPU
		{10F87917-573A-427C-9E14-4DA16FA2D032}.Release|Any CPU.ActiveCfg = Release|Any CPU
		{10F87917-573A-427C-9E14-4DA16FA2D032}.Release|Any CPU.Build.0 = Release|Any CPU
		{C5F1011A-A4FA-42D4-B3DC-B00AD61AC197}.Debug|Any CPU.ActiveCfg = Debug|Any CPU
		{C5F1011A-A4FA-42D4-B3DC-B00AD61AC197}.Debug|Any CPU.Build.0 = Debug|Any CPU
		{C5F1011A-A4FA-42D4-B3DC-B00AD61AC197}.Release|Any CPU.ActiveCfg = Release|Any CPU
		{C5F1011A-A4FA-42D4-B3DC-B00AD61AC197}.Release|Any CPU.Build.0 = Release|Any CPU
	EndGlobalSection
	GlobalSection(SolutionProperties) = preSolution
		HideSolutionNode = FALSE
	EndGlobalSection
	GlobalSection(ExtensibilityGlobals) = postSolution
		SolutionGuid = {F1B530BA-707B-45C5-A989-80D47124DC22}
	EndGlobalSection
EndGlobal
